
Microsoft Visual Studio Solution File, Format Version 12.00
# Visual Studio Version 17
VisualStudioVersion = 17.5.2.0
MinimumVisualStudioVersion = 10.0.40219.1
Project("{FAE04EC0-301F-11D3-BF4B-00C04F79EFBC}") = "GpuPowerControl", "GpuPowerControl.csproj", "{67683C09-AF73-5ABB-015B-B61FEFAEAEC6}"
EndProject
Project("{FAE04EC0-301F-11D3-BF4B-00C04F79EFBC}") = "GpuPowerControl.Tests", "GpuPowerControl.Tests\GpuPowerControl.Tests.csproj", "{100D0420-9793-4699-A974-831CD0D5086A}"
EndProject
Global
	GlobalSection(SolutionConfigurationPlatforms) = preSolution
		Debug|Any CPU = Debug|Any CPU
		Debug|x64 = Debug|x64
		Debug|x86 = Debug|x86
		Release|Any CPU = Release|Any CPU
		Release|x64 = Release|x64
		Release|x86 = Release|x86
	EndGlobalSection
	GlobalSection(ProjectConfigurationPlatforms) = postSolution
		{67683C09-AF73-5ABB-015B-B61FEFAEAEC6}.Debug|Any CPU.ActiveCfg = Debug|Any CPU
		{67683C09-AF73-5ABB-015B-B61FEFAEAEC6}.Debug|Any CPU.Build.0 = Debug|Any CPU
		{67683C09-AF73-5ABB-015B-B61FEFAEAEC6}.Debug|x64.ActiveCfg = Debug|Any CPU
		{67683C09-AF73-5ABB-015B-B61FEFAEAEC6}.Debug|x64.Build.0 = Debug|Any CPU
		{67683C09-AF73-5ABB-015B-B61FEFAEAEC6}.Debug|x86.ActiveCfg = Debug|Any CPU
		{67683C09-AF73-5ABB-015B-B61FEFAEAEC6}.Debug|x86.Build.0 = Debug|Any CPU
		{67683C09-AF73-5ABB-015B-B61FEFAEAEC6}.Release|Any CPU.ActiveCfg = Release|Any CPU
		{67683C09-AF73-5ABB-015B-B61FEFAEAEC6}.Release|Any CPU.Build.0 = Release|Any CPU
		{67683C09-AF73-5ABB-015B-B61FEFAEAEC6}.Release|x64.ActiveCfg = Release|Any CPU
		{67683C09-AF73-5ABB-015B-B61FEFAEAEC6}.Release|x64.Build.0 = Release|Any CPU
		{67683C09-AF73-5ABB-015B-B61FEFAEAEC6}.Release|x86.ActiveCfg = Release|Any CPU
		{67683C09-AF73-5ABB-015B-B61FEFAEAEC6}.Release|x86.Build.0 = Release|Any CPU
		{100D0420-9793-4699-A974-831CD0D5086A}.Debug|Any CPU.ActiveCfg = Debug|Any CPU
		{100D0420-9793-4699-A974-831CD0D5086A}.Debug|Any CPU.Build.0 = Debug|Any CPU
		{100D0420-9793-4699-A974-831CD0D5086A}.Debug|x64.ActiveCfg = Debug|Any CPU
		{100D0420-9793-4699-A974-831CD0D5086A}.Debug|x64.Build.0 = Debug|Any CPU
		{100D0420-9793-4699-A974-831CD0D5086A}.Debug|x86.ActiveCfg = Debug|Any CPU
		{100D0420-9793-4699-A974-831CD0D5086A}.Debug|x86.Build.0 = Debug|Any CPU
		{100D0420-9793-4699-A974-831CD0D5086A}.Release|Any CPU.ActiveCfg = Release|Any CPU
		{100D0420-9793-4699-A974-831CD0D5086A}.Release|Any CPU.Build.0 = Release|Any CPU
		{100D0420-9793-4699-A974-831CD0D5086A}.Release|x64.ActiveCfg = Release|Any CPU
		{100D0420-9793-4699-A974-831CD0D5086A}.Release|x64.Build.0 = Release|Any CPU
		{100D0420-9793-4699-A974-831CD0D5086A}.Release|x86.ActiveCfg = Release|Any CPU
		{100D0420-9793-4699-A974-831CD0D5086A}.Release|x86.Build.0 = Release|Any CPU
	EndGlobalSection
	GlobalSection(SolutionProperties) = preSolution
		HideSolutionNode = FALSE
	EndGlobalSection
	GlobalSection(ExtensibilityGlobals) = postSolution
		SolutionGuid = {E3E3EB68-F0A9-48E2-898B-67EC968C66A7}
	EndGlobalSection
EndGlobal
